
Microsoft Visual Studio Solution File, Format Version 12.00
Project("{2150E333-8FDC-42A3-9474-1A3956D46DE8}") = "Day 1 - Secret Entrance", "Day 1 - Secret Entrance", "{A67A785A-FC46-46A4-ACFB-4717CB2DBB49}"
EndProject
Project("{FAE04EC0-301F-11D3-BF4B-00C04F79EFBC}") = "SecretEntrance", "SecretEntrance\SecretEntrance.csproj", "{B278B963-CEB6-43C7-9468-FE36AD323374}"
EndProject
Global
	GlobalSection(SolutionConfigurationPlatforms) = preSolution
		Debug|Any CPU = Debug|Any CPU
		Release|Any CPU = Release|Any CPU
	EndGlobalSection
	GlobalSection(NestedProjects) = preSolution
		{B278B963-CEB6-43C7-9468-FE36AD323374} = {A67A785A-FC46-46A4-ACFB-4717CB2DBB49}
	EndGlobalSection
	GlobalSection(ProjectConfigurationPlatforms) = postSolution
		{B278B963-CEB6-43C7-9468-FE36AD323374}.Debug|Any CPU.ActiveCfg = Debug|Any CPU
		{B278B963-CEB6-43C7-9468-FE36AD323374}.Debug|Any CPU.Build.0 = Debug|Any CPU
		{B278B963-CEB6-43C7-9468-FE36AD323374}.Release|Any CPU.ActiveCfg = Release|Any CPU
		{B278B963-CEB6-43C7-9468-FE36AD323374}.Release|Any CPU.Build.0 = Release|Any CPU
	EndGlobalSection
EndGlobal
